
Microsoft Visual Studio Solution File, Format Version 12.00
# Visual Studio Version 17
VisualStudioVersion = 17.0.31903.59
MinimumVisualStudioVersion = 10.0.40219.1
Project("{2150E333-8FDC-42A3-9474-1A3956D46DE8}") = "src", "src", "{DE614DA1-7E27-4227-A5BA-B841B3A039F3}"
EndProject
Project("{FAE04EC0-301F-11D3-BF4B-00C04F79EFBC}") = "OnlineLearningApi", "src\OnlineLearningApi\OnlineLearningApi.csproj", "{FAB90BEC-4498-4025-B1C2-0082004863B8}"
EndProject
Project("{FAE04EC0-301F-11D3-BF4B-00C04F79EFBC}") = "OnlineLearningPersistence", "src\OnlineLearningPersistence\OnlineLearningPersistence.csproj", "{EC93EBBE-845D-408A-972B-0F0A204C35C7}"
EndProject
Project("{FAE04EC0-301F-11D3-BF4B-00C04F79EFBC}") = "OnlineLearningCore", "src\OnlineLearningCore\OnlineLearningCore.csproj", "{9E584DF7-1B31-4482-B254-27652596FE71}"
EndProject
Project("{FAE04EC0-301F-11D3-BF4B-00C04F79EFBC}") = "OnlineLearningServices", "src\OnlineLearningServices\OnlineLearningServices.csproj", "{E48B6E7D-8D0B-4DB7-ADD2-8D4CB9E743D0}"
EndProject
Global
	GlobalSection(SolutionConfigurationPlatforms) = preSolution
		Debug|Any CPU = Debug|Any CPU
		Release|Any CPU = Release|Any CPU
	EndGlobalSection
	GlobalSection(SolutionProperties) = preSolution
		HideSolutionNode = FALSE
	EndGlobalSection
	GlobalSection(ProjectConfigurationPlatforms) = postSolution
		{FAB90BEC-4498-4025-B1C2-0082004863B8}.Debug|Any CPU.ActiveCfg = Debug|Any CPU
		{FAB90BEC-4498-4025-B1C2-0082004863B8}.Debug|Any CPU.Build.0 = Debug|Any CPU
		{FAB90BEC-4498-4025-B1C2-0082004863B8}.Release|Any CPU.ActiveCfg = Release|Any CPU
		{FAB90BEC-4498-4025-B1C2-0082004863B8}.Release|Any CPU.Build.0 = Release|Any CPU
		{EC93EBBE-845D-408A-972B-0F0A204C35C7}.Debug|Any CPU.ActiveCfg = Debug|Any CPU
		{EC93EBBE-845D-408A-972B-0F0A204C35C7}.Debug|Any CPU.Build.0 = Debug|Any CPU
		{EC93EBBE-845D-408A-972B-0F0A204C35C7}.Release|Any CPU.ActiveCfg = Release|Any CPU
		{EC93EBBE-845D-408A-972B-0F0A204C35C7}.Release|Any CPU.Build.0 = Release|Any CPU
		{9E584DF7-1B31-4482-B254-27652596FE71}.Debug|Any CPU.ActiveCfg = Debug|Any CPU
		{9E584DF7-1B31-4482-B254-27652596FE71}.Debug|Any CPU.Build.0 = Debug|Any CPU
		{9E584DF7-1B31-4482-B254-27652596FE71}.Release|Any CPU.ActiveCfg = Release|Any CPU
		{9E584DF7-1B31-4482-B254-27652596FE71}.Release|Any CPU.Build.0 = Release|Any CPU
		{E48B6E7D-8D0B-4DB7-ADD2-8D4CB9E743D0}.Debug|Any CPU.ActiveCfg = Debug|Any CPU
		{E48B6E7D-8D0B-4DB7-ADD2-8D4CB9E743D0}.Debug|Any CPU.Build.0 = Debug|Any CPU
		{E48B6E7D-8D0B-4DB7-ADD2-8D4CB9E743D0}.Release|Any CPU.ActiveCfg = Release|Any CPU
		{E48B6E7D-8D0B-4DB7-ADD2-8D4CB9E743D0}.Release|Any CPU.Build.0 = Release|Any CPU
	EndGlobalSection
	GlobalSection(NestedProjects) = preSolution
		{FAB90BEC-4498-4025-B1C2-0082004863B8} = {DE614DA1-7E27-4227-A5BA-B841B3A039F3}
		{EC93EBBE-845D-408A-972B-0F0A204C35C7} = {DE614DA1-7E27-4227-A5BA-B841B3A039F3}
		{9E584DF7-1B31-4482-B254-27652596FE71} = {DE614DA1-7E27-4227-A5BA-B841B3A039F3}
		{E48B6E7D-8D0B-4DB7-ADD2-8D4CB9E743D0} = {DE614DA1-7E27-4227-A5BA-B841B3A039F3}
	EndGlobalSection
EndGlobal
